
Microsoft Visual Studio Solution File, Format Version 12.00
# Visual Studio Version 16
VisualStudioVersion = 16.0.30523.141
MinimumVisualStudioVersion = 10.0.40219.1
Project("{FAE04EC0-301F-11D3-BF4B-00C04F79EFBC}") = "BattleShip", "BattleShip\BattleShip.csproj", "{6809CDFD-7C62-4C55-86BB-E4FCE08C3C11}"
EndProject
Global
	GlobalSection(SolutionConfigurationPlatforms) = preSolution
		Debug|Any CPU = Debug|Any CPU
		Release|Any CPU = Release|Any CPU
	EndGlobalSection
	GlobalSection(ProjectConfigurationPlatforms) = postSolution
		{6809CDFD-7C62-4C55-86BB-E4FCE08C3C11}.Debug|Any CPU.ActiveCfg = Debug|Any CPU
		{6809CDFD-7C62-4C55-86BB-E4FCE08C3C11}.Debug|Any CPU.Build.0 = Debug|Any CPU
		{6809CDFD-7C62-4C55-86BB-E4FCE08C3C11}.Release|Any CPU.ActiveCfg = Release|Any CPU
		{6809CDFD-7C62-4C55-86BB-E4FCE08C3C11}.Release|Any CPU.Build.0 = Release|Any CPU
	EndGlobalSection
	GlobalSection(SolutionProperties) = preSolution
		HideSolutionNode = FALSE
	EndGlobalSection
	GlobalSection(ExtensibilityGlobals) = postSolution
		SolutionGuid = {2AC73676-C391-48D7-BEEF-23BB6EF5175F}
	EndGlobalSection
EndGlobal
